{
  "name": "agent-tools",
  "lockfileVersion": 3,
  "packages": {
    "": {"dependencies": {"@acme/files-mcp": "2.4.1", "@acme/tickets-mcp": "1.9.0"}},
    "node_modules/@acme/files-mcp": {"version": "2.4.1", "integrity": "sha512-qJfV7Tq0u2yWm3pLw1c8v0q0xKQhJm3cGd0m9u0Wc8nZ1b8x6yQK2gM8g8k1xZtYVv1r9j0m6o3b5i0k1w9hFA=="},
    "node_modules/@acme/tickets-mcp": {"version": "1.9.0", "integrity": "sha512-R3uX9d1qN0hY2pV8m4cK6zJb7nT5wQeL0aD3sFgH1iUo8vCxPzYl2mEjB4kAtW9rN6dS0fGqLhMbV7xZc1oPuQ=="}
  }
}
